// !$*UTF8*$!
{
	archiveVersion = 1;
	classes = {
	};
	objectVersion = 77;
	objects = {

/* Begin PBXBuildFile section */
		15E949102CE9B80B00B1D84B /* ClubListItem.swift in Sources */ = {isa = PBXBuildFile; fileRef = 15E948E82CE9B80B00B1D84B /* ClubListItem.swift */; };
		15E949112CE9B80B00B1D84B /* HomeItem.swift in Sources */ = {isa = PBXBuildFile; fileRef = 15E948E92CE9B80B00B1D84B /* HomeItem.swift */; };
		15E949122CE9B80B00B1D84B /* LinkItem.swift in Sources */ = {isa = PBXBuildFile; fileRef = 15E948EA2CE9B80B00B1D84B /* LinkItem.swift */; };
		15E949132CE9B80B00B1D84B /* MemoItem.swift in Sources */ = {isa = PBXBuildFile; fileRef = 15E948EB2CE9B80B00B1D84B /* MemoItem.swift */; };
		15E949142CE9B80B00B1D84B /* MyPageItem.swift in Sources */ = {isa = PBXBuildFile; fileRef = 15E948EC2CE9B80B00B1D84B /* MyPageItem.swift */; };
		15E949152CE9B80B00B1D84B /* CustomBackButton.swift in Sources */ = {isa = PBXBuildFile; fileRef = 15E948F02CE9B80B00B1D84B /* CustomBackButton.swift */; };
		15E949162CE9B80B00B1D84B /* ClubListsView.swift in Sources */ = {isa = PBXBuildFile; fileRef = 15E948F22CE9B80B00B1D84B /* ClubListsView.swift */; };
		15E949172CE9B80B00B1D84B /* TopTabView.swift in Sources */ = {isa = PBXBuildFile; fileRef = 15E948F32CE9B80B00B1D84B /* TopTabView.swift */; };
		15E949182CE9B80B00B1D84B /* EditLectureView.swift in Sources */ = {isa = PBXBuildFile; fileRef = 15E948F62CE9B80B00B1D84B /* EditLectureView.swift */; };
		15E949192CE9B80B00B1D84B /* HomeView.swift in Sources */ = {isa = PBXBuildFile; fileRef = 15E948F72CE9B80B00B1D84B /* HomeView.swift */; };
		15E9491A2CE9B80B00B1D84B /* LectureRow.swift in Sources */ = {isa = PBXBuildFile; fileRef = 15E948F82CE9B80B00B1D84B /* LectureRow.swift */; };
		15E9491B2CE9B80B00B1D84B /* LinkRow.swift in Sources */ = {isa = PBXBuildFile; fileRef = 15E948FA2CE9B80B00B1D84B /* LinkRow.swift */; };
		15E9491C2CE9B80B00B1D84B /* LinkView.swift in Sources */ = {isa = PBXBuildFile; fileRef = 15E948FB2CE9B80B00B1D84B /* LinkView.swift */; };
		15E9491D2CE9B80B00B1D84B /* MemoEditView.swift in Sources */ = {isa = PBXBuildFile; fileRef = 15E948FD2CE9B80B00B1D84B /* MemoEditView.swift */; };
		15E9491E2CE9B80B00B1D84B /* MemoView.swift in Sources */ = {isa = PBXBuildFile; fileRef = 15E948FE2CE9B80B00B1D84B /* MemoView.swift */; };
		15E9491F2CE9B80B00B1D84B /* MyPageView.swift in Sources */ = {isa = PBXBuildFile; fileRef = 15E949002CE9B80B00B1D84B /* MyPageView.swift */; };
		15E949202CE9B80B00B1D84B /* WebView.swift in Sources */ = {isa = PBXBuildFile; fileRef = 15E949012CE9B80B00B1D84B /* WebView.swift */; };
		15E949212CE9B80B00B1D84B /* ContentView.swift in Sources */ = {isa = PBXBuildFile; fileRef = 15E949032CE9B80B00B1D84B /* ContentView.swift */; };
		15E949222CE9B80B00B1D84B /* SplashView.swift in Sources */ = {isa = PBXBuildFile; fileRef = 15E949042CE9B80B00B1D84B /* SplashView.swift */; };
		15E949232CE9B80B00B1D84B /* ClubListsViewModel.swift in Sources */ = {isa = PBXBuildFile; fileRef = 15E949062CE9B80B00B1D84B /* ClubListsViewModel.swift */; };
		15E949242CE9B80B00B1D84B /* HomeViewModel.swift in Sources */ = {isa = PBXBuildFile; fileRef = 15E949072CE9B80B00B1D84B /* HomeViewModel.swift */; };
		15E949252CE9B80B00B1D84B /* LinkViewModel.swift in Sources */ = {isa = PBXBuildFile; fileRef = 15E949082CE9B80B00B1D84B /* LinkViewModel.swift */; };
		15E949262CE9B80B00B1D84B /* MemoViewModel.swift in Sources */ = {isa = PBXBuildFile; fileRef = 15E949092CE9B80B00B1D84B /* MemoViewModel.swift */; };
		15E949272CE9B80B00B1D84B /* MyPageViewModel.swift in Sources */ = {isa = PBXBuildFile; fileRef = 15E9490A2CE9B80B00B1D84B /* MyPageViewModel.swift */; };
		15E949282CE9B80B00B1D84B /* DendaiApp.swift in Sources */ = {isa = PBXBuildFile; fileRef = 15E9490D2CE9B80B00B1D84B /* DendaiApp.swift */; };
		15E949292CE9B80B00B1D84B /* Preview Assets.xcassets in Resources */ = {isa = PBXBuildFile; fileRef = 15E948EE2CE9B80B00B1D84B /* Preview Assets.xcassets */; };
		15E9492A2CE9B80B00B1D84B /* Assets.xcassets in Resources */ = {isa = PBXBuildFile; fileRef = 15E9490C2CE9B80B00B1D84B /* Assets.xcassets */; };
		15E9492B2CE9B80B00B1D84B /* Task.txt in Resources */ = {isa = PBXBuildFile; fileRef = 15E9490E2CE9B80B00B1D84B /* Task.txt */; };
		15E9492D2CE9B8F900B1D84B /* CustomHeader.swift in Sources */ = {isa = PBXBuildFile; fileRef = 15E9492C2CE9B8F900B1D84B /* CustomHeader.swift */; };
/* End PBXBuildFile section */

/* Begin PBXFileReference section */
		15C351472CB572FD00B1F799 /* DendaiApp.app */ = {isa = PBXFileReference; explicitFileType = wrapper.application; includeInIndex = 0; path = DendaiApp.app; sourceTree = BUILT_PRODUCTS_DIR; };
		15E948E82CE9B80B00B1D84B /* ClubListItem.swift */ = {isa = PBXFileReference; lastKnownFileType = sourcecode.swift; path = ClubListItem.swift; sourceTree = "<group>"; };
		15E948E92CE9B80B00B1D84B /* HomeItem.swift */ = {isa = PBXFileReference; lastKnownFileType = sourcecode.swift; path = HomeItem.swift; sourceTree = "<group>"; };
		15E948EA2CE9B80B00B1D84B /* LinkItem.swift */ = {isa = PBXFileReference; lastKnownFileType = sourcecode.swift; path = LinkItem.swift; sourceTree = "<group>"; };
		15E948EB2CE9B80B00B1D84B /* MemoItem.swift */ = {isa = PBXFileReference; lastKnownFileType = sourcecode.swift; path = MemoItem.swift; sourceTree = "<group>"; };
		15E948EC2CE9B80B00B1D84B /* MyPageItem.swift */ = {isa = PBXFileReference; lastKnownFileType = sourcecode.swift; path = MyPageItem.swift; sourceTree = "<group>"; };
		15E948EE2CE9B80B00B1D84B /* Preview Assets.xcassets */ = {isa = PBXFileReference; lastKnownFileType = folder.assetcatalog; path = "Preview Assets.xcassets"; sourceTree = "<group>"; };
		15E948F02CE9B80B00B1D84B /* CustomBackButton.swift */ = {isa = PBXFileReference; lastKnownFileType = sourcecode.swift; path = CustomBackButton.swift; sourceTree = "<group>"; };
		15E948F22CE9B80B00B1D84B /* ClubListsView.swift */ = {isa = PBXFileReference; lastKnownFileType = sourcecode.swift; path = ClubListsView.swift; sourceTree = "<group>"; };
		15E948F32CE9B80B00B1D84B /* TopTabView.swift */ = {isa = PBXFileReference; lastKnownFileType = sourcecode.swift; path = TopTabView.swift; sourceTree = "<group>"; };
		15E948F62CE9B80B00B1D84B /* EditLectureView.swift */ = {isa = PBXFileReference; lastKnownFileType = sourcecode.swift; path = EditLectureView.swift; sourceTree = "<group>"; };
		15E948F72CE9B80B00B1D84B /* HomeView.swift */ = {isa = PBXFileReference; lastKnownFileType = sourcecode.swift; path = HomeView.swift; sourceTree = "<group>"; };
		15E948F82CE9B80B00B1D84B /* LectureRow.swift */ = {isa = PBXFileReference; lastKnownFileType = sourcecode.swift; path = LectureRow.swift; sourceTree = "<group>"; };
		15E948FA2CE9B80B00B1D84B /* LinkRow.swift */ = {isa = PBXFileReference; lastKnownFileType = sourcecode.swift; path = LinkRow.swift; sourceTree = "<group>"; };
		15E948FB2CE9B80B00B1D84B /* LinkView.swift */ = {isa = PBXFileReference; lastKnownFileType = sourcecode.swift; path = LinkView.swift; sourceTree = "<group>"; };
		15E948FD2CE9B80B00B1D84B /* MemoEditView.swift */ = {isa = PBXFileReference; lastKnownFileType = sourcecode.swift; path = MemoEditView.swift; sourceTree = "<group>"; };
		15E948FE2CE9B80B00B1D84B /* MemoView.swift */ = {isa = PBXFileReference; lastKnownFileType = sourcecode.swift; path = MemoView.swift; sourceTree = "<group>"; };
		15E949002CE9B80B00B1D84B /* MyPageView.swift */ = {isa = PBXFileReference; lastKnownFileType = sourcecode.swift; path = MyPageView.swift; sourceTree = "<group>"; };
		15E949012CE9B80B00B1D84B /* WebView.swift */ = {isa = PBXFileReference; lastKnownFileType = sourcecode.swift; path = WebView.swift; sourceTree = "<group>"; };
		15E949032CE9B80B00B1D84B /* ContentView.swift */ = {isa = PBXFileReference; lastKnownFileType = sourcecode.swift; path = ContentView.swift; sourceTree = "<group>"; };
		15E949042CE9B80B00B1D84B /* SplashView.swift */ = {isa = PBXFileReference; lastKnownFileType = sourcecode.swift; path = SplashView.swift; sourceTree = "<group>"; };
		15E949062CE9B80B00B1D84B /* ClubListsViewModel.swift */ = {isa = PBXFileReference; lastKnownFileType = sourcecode.swift; path = ClubListsViewModel.swift; sourceTree = "<group>"; };
		15E949072CE9B80B00B1D84B /* HomeViewModel.swift */ = {isa = PBXFileReference; lastKnownFileType = sourcecode.swift; path = HomeViewModel.swift; sourceTree = "<group>"; };
		15E949082CE9B80B00B1D84B /* LinkViewModel.swift */ = {isa = PBXFileReference; lastKnownFileType = sourcecode.swift; path = LinkViewModel.swift; sourceTree = "<group>"; };
		15E949092CE9B80B00B1D84B /* MemoViewModel.swift */ = {isa = PBXFileReference; lastKnownFileType = sourcecode.swift; path = MemoViewModel.swift; sourceTree = "<group>"; };
		15E9490A2CE9B80B00B1D84B /* MyPageViewModel.swift */ = {isa = PBXFileReference; lastKnownFileType = sourcecode.swift; path = MyPageViewModel.swift; sourceTree = "<group>"; };
		15E9490C2CE9B80B00B1D84B /* Assets.xcassets */ = {isa = PBXFileReference; lastKnownFileType = folder.assetcatalog; path = Assets.xcassets; sourceTree = "<group>"; };
		15E9490D2CE9B80B00B1D84B /* DendaiApp.swift */ = {isa = PBXFileReference; lastKnownFileType = sourcecode.swift; path = DendaiApp.swift; sourceTree = "<group>"; };
		15E9490E2CE9B80B00B1D84B /* Task.txt */ = {isa = PBXFileReference; lastKnownFileType = text; path = Task.txt; sourceTree = "<group>"; };
		15E9492C2CE9B8F900B1D84B /* CustomHeader.swift */ = {isa = PBXFileReference; lastKnownFileType = sourcecode.swift; path = CustomHeader.swift; sourceTree = "<group>"; };
/* End PBXFileReference section */

/* Begin PBXFrameworksBuildPhase section */
		15C351442CB572FD00B1F799 /* Frameworks */ = {
			isa = PBXFrameworksBuildPhase;
			buildActionMask = 2147483647;
			files = (
			);
			runOnlyForDeploymentPostprocessing = 0;
		};
/* End PBXFrameworksBuildPhase section */

/* Begin PBXGroup section */
		15C3513E2CB572FD00B1F799 = {
			isa = PBXGroup;
			children = (
				15E9490F2CE9B80B00B1D84B /* DendaiApp */,
				15C351482CB572FD00B1F799 /* Products */,
			);
			sourceTree = "<group>";
		};
		15C351482CB572FD00B1F799 /* Products */ = {
			isa = PBXGroup;
			children = (
				15C351472CB572FD00B1F799 /* DendaiApp.app */,
			);
			name = Products;
			sourceTree = "<group>";
		};
		15E948ED2CE9B80B00B1D84B /* Model */ = {
			isa = PBXGroup;
			children = (
				15E948E82CE9B80B00B1D84B /* ClubListItem.swift */,
				15E948E92CE9B80B00B1D84B /* HomeItem.swift */,
				15E948EA2CE9B80B00B1D84B /* LinkItem.swift */,
				15E948EB2CE9B80B00B1D84B /* MemoItem.swift */,
				15E948EC2CE9B80B00B1D84B /* MyPageItem.swift */,
			);
			path = Model;
			sourceTree = "<group>";
		};
		15E948EF2CE9B80B00B1D84B /* Preview Content */ = {
			isa = PBXGroup;
			children = (
				15E948EE2CE9B80B00B1D84B /* Preview Assets.xcassets */,
			);
			path = "Preview Content";
			sourceTree = "<group>";
		};
		15E948F12CE9B80B00B1D84B /* Resources */ = {
			isa = PBXGroup;
			children = (
				15E948F02CE9B80B00B1D84B /* CustomBackButton.swift */,
			);
			path = Resources;
			sourceTree = "<group>";
		};
		15E948F42CE9B80B00B1D84B /* ClubLists */ = {
			isa = PBXGroup;
			children = (
				15E948F22CE9B80B00B1D84B /* ClubListsView.swift */,
				15E948F32CE9B80B00B1D84B /* TopTabView.swift */,
			);
			path = ClubLists;
			sourceTree = "<group>";
		};
		15E948F52CE9B80B00B1D84B /* Components */ = {
			isa = PBXGroup;
			children = (
				15E9492C2CE9B8F900B1D84B /* CustomHeader.swift */,
			);
			path = Components;
			sourceTree = "<group>";
		};
		15E948F92CE9B80B00B1D84B /* HomeView */ = {
			isa = PBXGroup;
			children = (
				15E948F62CE9B80B00B1D84B /* EditLectureView.swift */,
				15E948F72CE9B80B00B1D84B /* HomeView.swift */,
				15E948F82CE9B80B00B1D84B /* LectureRow.swift */,
			);
			path = HomeView;
			sourceTree = "<group>";
		};
		15E948FC2CE9B80B00B1D84B /* LinkView */ = {
			isa = PBXGroup;
			children = (
				15E948FA2CE9B80B00B1D84B /* LinkRow.swift */,
				15E948FB2CE9B80B00B1D84B /* LinkView.swift */,
			);
			path = LinkView;
			sourceTree = "<group>";
		};
		15E948FF2CE9B80B00B1D84B /* Memo */ = {
			isa = PBXGroup;
			children = (
				15E948FD2CE9B80B00B1D84B /* MemoEditView.swift */,
				15E948FE2CE9B80B00B1D84B /* MemoView.swift */,
			);
			path = Memo;
			sourceTree = "<group>";
		};
		15E949022CE9B80B00B1D84B /* MyPageView */ = {
			isa = PBXGroup;
			children = (
				15E949002CE9B80B00B1D84B /* MyPageView.swift */,
				15E949012CE9B80B00B1D84B /* WebView.swift */,
			);
			path = MyPageView;
			sourceTree = "<group>";
		};
		15E949052CE9B80B00B1D84B /* View */ = {
			isa = PBXGroup;
			children = (
				15E948F92CE9B80B00B1D84B /* HomeView */,
				15E948FF2CE9B80B00B1D84B /* Memo */,
				15E948F42CE9B80B00B1D84B /* ClubLists */,
				15E948FC2CE9B80B00B1D84B /* LinkView */,
				15E949022CE9B80B00B1D84B /* MyPageView */,
				15E948F52CE9B80B00B1D84B /* Components */,
			);
			path = View;
			sourceTree = "<group>";
		};
		15E9490B2CE9B80B00B1D84B /* ViewModel */ = {
			isa = PBXGroup;
			children = (
				15E949062CE9B80B00B1D84B /* ClubListsViewModel.swift */,
				15E949072CE9B80B00B1D84B /* HomeViewModel.swift */,
				15E949082CE9B80B00B1D84B /* LinkViewModel.swift */,
				15E949092CE9B80B00B1D84B /* MemoViewModel.swift */,
				15E9490A2CE9B80B00B1D84B /* MyPageViewModel.swift */,
			);
			path = ViewModel;
			sourceTree = "<group>";
		};
		15E9490F2CE9B80B00B1D84B /* DendaiApp */ = {
			isa = PBXGroup;
			children = (
				15E9490D2CE9B80B00B1D84B /* DendaiApp.swift */,
				15E949042CE9B80B00B1D84B /* SplashView.swift */,
				15E949032CE9B80B00B1D84B /* ContentView.swift */,
				15E948ED2CE9B80B00B1D84B /* Model */,
				15E949052CE9B80B00B1D84B /* View */,
				15E9490B2CE9B80B00B1D84B /* ViewModel */,
				15E948F12CE9B80B00B1D84B /* Resources */,
				15E948EF2CE9B80B00B1D84B /* Preview Content */,
				15E9490C2CE9B80B00B1D84B /* Assets.xcassets */,
				15E9490E2CE9B80B00B1D84B /* Task.txt */,
			);
			path = DendaiApp;
			sourceTree = "<group>";
		};
/* End PBXGroup section */

/* Begin PBXNativeTarget section */
		15C351462CB572FD00B1F799 /* DendaiApp */ = {
			isa = PBXNativeTarget;
			buildConfigurationList = 15C351552CB572FF00B1F799 /* Build configuration list for PBXNativeTarget "DendaiApp" */;
			buildPhases = (
				15C351432CB572FD00B1F799 /* Sources */,
				15C351442CB572FD00B1F799 /* Frameworks */,
				15C351452CB572FD00B1F799 /* Resources */,
			);
			buildRules = (
			);
			dependencies = (
			);
			name = DendaiApp;
			packageProductDependencies = (
			);
			productName = DendaiApp;
			productReference = 15C351472CB572FD00B1F799 /* DendaiApp.app */;
			productType = "com.apple.product-type.application";
		};
/* End PBXNativeTarget section */

/* Begin PBXProject section */
		15C3513F2CB572FD00B1F799 /* Project object */ = {
			isa = PBXProject;
			attributes = {
				BuildIndependentTargetsInParallel = 1;
				LastSwiftUpdateCheck = 1600;
				LastUpgradeCheck = 1600;
				TargetAttributes = {
					15C351462CB572FD00B1F799 = {
						CreatedOnToolsVersion = 16.0;
					};
				};
			};
			buildConfigurationList = 15C351422CB572FD00B1F799 /* Build configuration list for PBXProject "DendaiApp" */;
			developmentRegion = en;
			hasScannedForEncodings = 0;
			knownRegions = (
				en,
				Base,
			);
			mainGroup = 15C3513E2CB572FD00B1F799;
			minimizedProjectReferenceProxies = 1;
			preferredProjectObjectVersion = 77;
			productRefGroup = 15C351482CB572FD00B1F799 /* Products */;
			projectDirPath = "";
			projectRoot = "";
			targets = (
				15C351462CB572FD00B1F799 /* DendaiApp */,
			);
		};
/* End PBXProject section */

/* Begin PBXResourcesBuildPhase section */
		15C351452CB572FD00B1F799 /* Resources */ = {
			isa = PBXResourcesBuildPhase;
			buildActionMask = 2147483647;
			files = (
				15E949292CE9B80B00B1D84B /* Preview Assets.xcassets in Resources */,
				15E9492A2CE9B80B00B1D84B /* Assets.xcassets in Resources */,
				15E9492B2CE9B80B00B1D84B /* Task.txt in Resources */,
			);
			runOnlyForDeploymentPostprocessing = 0;
		};
/* End PBXResourcesBuildPhase section */

/* Begin PBXSourcesBuildPhase section */
		15C351432CB572FD00B1F799 /* Sources */ = {
			isa = PBXSourcesBuildPhase;
			buildActionMask = 2147483647;
			files = (
				15E949102CE9B80B00B1D84B /* ClubListItem.swift in Sources */,
				15E949112CE9B80B00B1D84B /* HomeItem.swift in Sources */,
				15E949122CE9B80B00B1D84B /* LinkItem.swift in Sources */,
				15E949132CE9B80B00B1D84B /* MemoItem.swift in Sources */,
				15E949142CE9B80B00B1D84B /* MyPageItem.swift in Sources */,
				15E949152CE9B80B00B1D84B /* CustomBackButton.swift in Sources */,
				15E949162CE9B80B00B1D84B /* ClubListsView.swift in Sources */,
				15E949172CE9B80B00B1D84B /* TopTabView.swift in Sources */,
				15E949182CE9B80B00B1D84B /* EditLectureView.swift in Sources */,
				15E949192CE9B80B00B1D84B /* HomeView.swift in Sources */,
				15E9491A2CE9B80B00B1D84B /* LectureRow.swift in Sources */,
				15E9491B2CE9B80B00B1D84B /* LinkRow.swift in Sources */,
				15E9491C2CE9B80B00B1D84B /* LinkView.swift in Sources */,
				15E9491D2CE9B80B00B1D84B /* MemoEditView.swift in Sources */,
				15E9491E2CE9B80B00B1D84B /* MemoView.swift in Sources */,
				15E9491F2CE9B80B00B1D84B /* MyPageView.swift in Sources */,
				15E949202CE9B80B00B1D84B /* WebView.swift in Sources */,
				15E949212CE9B80B00B1D84B /* ContentView.swift in Sources */,
				15E949222CE9B80B00B1D84B /* SplashView.swift in Sources */,
				15E949232CE9B80B00B1D84B /* ClubListsViewModel.swift in Sources */,
				15E949242CE9B80B00B1D84B /* HomeViewModel.swift in Sources */,
				15E949252CE9B80B00B1D84B /* LinkViewModel.swift in Sources */,
				15E949262CE9B80B00B1D84B /* MemoViewModel.swift in Sources */,
				15E949272CE9B80B00B1D84B /* MyPageViewModel.swift in Sources */,
				15E949282CE9B80B00B1D84B /* DendaiApp.swift in Sources */,
				15E9492D2CE9B8F900B1D84B /* CustomHeader.swift in Sources */,
			);
			runOnlyForDeploymentPostprocessing = 0;
		};
/* End PBXSourcesBuildPhase section */

/* Begin XCBuildConfiguration section */
		15C351532CB572FF00B1F799 /* Debug */ = {
			isa = XCBuildConfiguration;
			buildSettings = {
				ALWAYS_SEARCH_USER_PATHS = NO;
				ASSETCATALOG_COMPILER_GENERATE_SWIFT_ASSET_SYMBOL_EXTENSIONS = YES;
				CLANG_ANALYZER_NONNULL = YES;
				CLANG_ANALYZER_NUMBER_OBJECT_CONVERSION = YES_AGGRESSIVE;
				CLANG_CXX_LANGUAGE_STANDARD = "gnu++20";
				CLANG_ENABLE_MODULES = YES;
				CLANG_ENABLE_OBJC_ARC = YES;
				CLANG_ENABLE_OBJC_WEAK = YES;
				CLANG_WARN_BLOCK_CAPTURE_AUTORELEASING = YES;
				CLANG_WARN_BOOL_CONVERSION = YES;
				CLANG_WARN_COMMA = YES;
				CLANG_WARN_CONSTANT_CONVERSION = YES;
				CLANG_WARN_DEPRECATED_OBJC_IMPLEMENTATIONS = YES;
				CLANG_WARN_DIRECT_OBJC_ISA_USAGE = YES_ERROR;
				CLANG_WARN_DOCUMENTATION_COMMENTS = YES;
				CLANG_WARN_EMPTY_BODY = YES;
				CLANG_WARN_ENUM_CONVERSION = YES;
				CLANG_WARN_INFINITE_RECURSION = YES;
				CLANG_WARN_INT_CONVERSION = YES;
				CLANG_WARN_NON_LITERAL_NULL_CONVERSION = YES;
				CLANG_WARN_OBJC_IMPLICIT_RETAIN_SELF = YES;
				CLANG_WARN_OBJC_LITERAL_CONVERSION = YES;
				CLANG_WARN_OBJC_ROOT_CLASS = YES_ERROR;
				CLANG_WARN_QUOTED_INCLUDE_IN_FRAMEWORK_HEADER = YES;
				CLANG_WARN_RANGE_LOOP_ANALYSIS = YES;
				CLANG_WARN_STRICT_PROTOTYPES = YES;
				CLANG_WARN_SUSPICIOUS_MOVE = YES;
				CLANG_WARN_UNGUARDED_AVAILABILITY = YES_AGGRESSIVE;
				CLANG_WARN_UNREACHABLE_CODE = YES;
				CLANG_WARN__DUPLICATE_METHOD_MATCH = YES;
				COPY_PHASE_STRIP = NO;
				DEBUG_INFORMATION_FORMAT = dwarf;
				ENABLE_STRICT_OBJC_MSGSEND = YES;
				ENABLE_TESTABILITY = YES;
				ENABLE_USER_SCRIPT_SANDBOXING = YES;
				GCC_C_LANGUAGE_STANDARD = gnu17;
				GCC_DYNAMIC_NO_PIC = NO;
				GCC_NO_COMMON_BLOCKS = YES;
				GCC_OPTIMIZATION_LEVEL = 0;
				GCC_PREPROCESSOR_DEFINITIONS = (
					"DEBUG=1",
					"$(inherited)",
				);
				GCC_WARN_64_TO_32_BIT_CONVERSION = YES;
				GCC_WARN_ABOUT_RETURN_TYPE = YES_ERROR;
				GCC_WARN_UNDECLARED_SELECTOR = YES;
				GCC_WARN_UNINITIALIZED_AUTOS = YES_AGGRESSIVE;
				GCC_WARN_UNUSED_FUNCTION = YES;
				GCC_WARN_UNUSED_VARIABLE = YES;
				IPHONEOS_DEPLOYMENT_TARGET = 18.0;
				LOCALIZATION_PREFERS_STRING_CATALOGS = YES;
				MTL_ENABLE_DEBUG_INFO = INCLUDE_SOURCE;
				MTL_FAST_MATH = YES;
				ONLY_ACTIVE_ARCH = YES;
				SDKROOT = iphoneos;
				SWIFT_ACTIVE_COMPILATION_CONDITIONS = "DEBUG $(inherited)";
				SWIFT_OPTIMIZATION_LEVEL = "-Onone";
			};
			name = Debug;
		};
		15C351542CB572FF00B1F799 /* Release */ = {
			isa = XCBuildConfiguration;
			buildSettings = {
				ALWAYS_SEARCH_USER_PATHS = NO;
				ASSETCATALOG_COMPILER_GENERATE_SWIFT_ASSET_SYMBOL_EXTENSIONS = YES;
				CLANG_ANALYZER_NONNULL = YES;
				CLANG_ANALYZER_NUMBER_OBJECT_CONVERSION = YES_AGGRESSIVE;
				CLANG_CXX_LANGUAGE_STANDARD = "gnu++20";
				CLANG_ENABLE_MODULES = YES;
				CLANG_ENABLE_OBJC_ARC = YES;
				CLANG_ENABLE_OBJC_WEAK = YES;
				CLANG_WARN_BLOCK_CAPTURE_AUTORELEASING = YES;
				CLANG_WARN_BOOL_CONVERSION = YES;
				CLANG_WARN_COMMA = YES;
				CLANG_WARN_CONSTANT_CONVERSION = YES;
				CLANG_WARN_DEPRECATED_OBJC_IMPLEMENTATIONS = YES;
				CLANG_WARN_DIRECT_OBJC_ISA_USAGE = YES_ERROR;
				CLANG_WARN_DOCUMENTATION_COMMENTS = YES;
				CLANG_WARN_EMPTY_BODY = YES;
				CLANG_WARN_ENUM_CONVERSION = YES;
				CLANG_WARN_INFINITE_RECURSION = YES;
				CLANG_WARN_INT_CONVERSION = YES;
				CLANG_WARN_NON_LITERAL_NULL_CONVERSION = YES;
				CLANG_WARN_OBJC_IMPLICIT_RETAIN_SELF = YES;
				CLANG_WARN_OBJC_LITERAL_CONVERSION = YES;
				CLANG_WARN_OBJC_ROOT_CLASS = YES_ERROR;
				CLANG_WARN_QUOTED_INCLUDE_IN_FRAMEWORK_HEADER = YES;
				CLANG_WARN_RANGE_LOOP_ANALYSIS = YES;
				CLANG_WARN_STRICT_PROTOTYPES = YES;
				CLANG_WARN_SUSPICIOUS_MOVE = YES;
				CLANG_WARN_UNGUARDED_AVAILABILITY = YES_AGGRESSIVE;
				CLANG_WARN_UNREACHABLE_CODE = YES;
				CLANG_WARN__DUPLICATE_METHOD_MATCH = YES;
				COPY_PHASE_STRIP = NO;
				DEBUG_INFORMATION_FORMAT = "dwarf-with-dsym";
				ENABLE_NS_ASSERTIONS = NO;
				ENABLE_STRICT_OBJC_MSGSEND = YES;
				ENABLE_USER_SCRIPT_SANDBOXING = YES;
				GCC_C_LANGUAGE_STANDARD = gnu17;
				GCC_NO_COMMON_BLOCKS = YES;
				GCC_WARN_64_TO_32_BIT_CONVERSION = YES;
				GCC_WARN_ABOUT_RETURN_TYPE = YES_ERROR;
				GCC_WARN_UNDECLARED_SELECTOR = YES;
				GCC_WARN_UNINITIALIZED_AUTOS = YES_AGGRESSIVE;
				GCC_WARN_UNUSED_FUNCTION = YES;
				GCC_WARN_UNUSED_VARIABLE = YES;
				IPHONEOS_DEPLOYMENT_TARGET = 18.0;
				LOCALIZATION_PREFERS_STRING_CATALOGS = YES;
				MTL_ENABLE_DEBUG_INFO = NO;
				MTL_FAST_MATH = YES;
				SDKROOT = iphoneos;
				SWIFT_COMPILATION_MODE = wholemodule;
				VALIDATE_PRODUCT = YES;
			};
			name = Release;
		};
		15C351562CB572FF00B1F799 /* Debug */ = {
			isa = XCBuildConfiguration;
			buildSettings = {
				ASSETCATALOG_COMPILER_APPICON_NAME = AppIcon;
				ASSETCATALOG_COMPILER_GLOBAL_ACCENT_COLOR_NAME = AccentColor;
				CODE_SIGN_STYLE = Automatic;
				CURRENT_PROJECT_VERSION = 1;
				DEVELOPMENT_ASSET_PATHS = "\"DendaiApp/Preview Content\"";
				DEVELOPMENT_TEAM = 3NHYWY3V2F;
				ENABLE_PREVIEWS = YES;
				GENERATE_INFOPLIST_FILE = YES;
				INFOPLIST_KEY_CFBundleDisplayName = "でんコマ";
				INFOPLIST_KEY_LSApplicationCategoryType = "public.app-category.education";
				INFOPLIST_KEY_UIApplicationSceneManifest_Generation = YES;
				INFOPLIST_KEY_UIApplicationSupportsIndirectInputEvents = YES;
				INFOPLIST_KEY_UILaunchScreen_Generation = YES;
				INFOPLIST_KEY_UISupportedInterfaceOrientations_iPad = "UIInterfaceOrientationPortrait UIInterfaceOrientationPortraitUpsideDown UIInterfaceOrientationLandscapeLeft UIInterfaceOrientationLandscapeRight";
				INFOPLIST_KEY_UISupportedInterfaceOrientations_iPhone = "UIInterfaceOrientationPortrait UIInterfaceOrientationLandscapeLeft UIInterfaceOrientationLandscapeRight";
				INFOPLIST_KEY_UIUserInterfaceStyle = Light;
				IPHONEOS_DEPLOYMENT_TARGET = 17.0;
				LD_RUNPATH_SEARCH_PATHS = (
					"$(inherited)",
					"@executable_path/Frameworks",
				);
				MARKETING_VERSION = 1.6;
				PRODUCT_BUNDLE_IDENTIFIER = com.abema.DendaiApp;
				PRODUCT_NAME = "$(TARGET_NAME)";
				SWIFT_EMIT_LOC_STRINGS = YES;
				SWIFT_VERSION = 5.0;
				TARGETED_DEVICE_FAMILY = "1,2";
			};
			name = Debug;
		};
		15C351572CB572FF00B1F799 /* Release */ = {
			isa = XCBuildConfiguration;
			buildSettings = {
				ASSETCATALOG_COMPILER_APPICON_NAME = AppIcon;
				ASSETCATALOG_COMPILER_GLOBAL_ACCENT_COLOR_NAME = AccentColor;
				CODE_SIGN_STYLE = Automatic;
				CURRENT_PROJECT_VERSION = 1;
				DEVELOPMENT_ASSET_PATHS = "\"DendaiApp/Preview Content\"";
				DEVELOPMENT_TEAM = 3NHYWY3V2F;
				ENABLE_PREVIEWS = YES;
				GENERATE_INFOPLIST_FILE = YES;
				INFOPLIST_KEY_CFBundleDisplayName = "でんコマ";
				INFOPLIST_KEY_LSApplicationCategoryType = "public.app-category.education";
				INFOPLIST_KEY_UIApplicationSceneManifest_Generation = YES;
				INFOPLIST_KEY_UIApplicationSupportsIndirectInputEvents = YES;
				INFOPLIST_KEY_UILaunchScreen_Generation = YES;
				INFOPLIST_KEY_UISupportedInterfaceOrientations_iPad = "UIInterfaceOrientationPortrait UIInterfaceOrientationPortraitUpsideDown UIInterfaceOrientationLandscapeLeft UIInterfaceOrientationLandscapeRight";
				INFOPLIST_KEY_UISupportedInterfaceOrientations_iPhone = "UIInterfaceOrientationPortrait UIInterfaceOrientationLandscapeLeft UIInterfaceOrientationLandscapeRight";
				INFOPLIST_KEY_UIUserInterfaceStyle = Light;
				IPHONEOS_DEPLOYMENT_TARGET = 17.0;
				LD_RUNPATH_SEARCH_PATHS = (
					"$(inherited)",
					"@executable_path/Frameworks",
				);
				MARKETING_VERSION = 1.6;
				PRODUCT_BUNDLE_IDENTIFIER = com.abema.DendaiApp;
				PRODUCT_NAME = "$(TARGET_NAME)";
				SWIFT_EMIT_LOC_STRINGS = YES;
				SWIFT_VERSION = 5.0;
				TARGETED_DEVICE_FAMILY = "1,2";
			};
			name = Release;
		};
/* End XCBuildConfiguration section */

/* Begin XCConfigurationList section */
		15C351422CB572FD00B1F799 /* Build configuration list for PBXProject "DendaiApp" */ = {
			isa = XCConfigurationList;
			buildConfigurations = (
				15C351532CB572FF00B1F799 /* Debug */,
				15C351542CB572FF00B1F799 /* Release */,
			);
			defaultConfigurationIsVisible = 0;
			defaultConfigurationName = Release;
		};
		15C351552CB572FF00B1F799 /* Build configuration list for PBXNativeTarget "DendaiApp" */ = {
			isa = XCConfigurationList;
			buildConfigurations = (
				15C351562CB572FF00B1F799 /* Debug */,
				15C351572CB572FF00B1F799 /* Release */,
			);
			defaultConfigurationIsVisible = 0;
			defaultConfigurationName = Release;
		};
/* End XCConfigurationList section */
	};
	rootObject = 15C3513F2CB572FD00B1F799 /* Project object */;
}
